
Microsoft Visual Studio Solution File, Format Version 12.00
# Visual Studio Version 17
VisualStudioVersion = 17.5.002.0
MinimumVisualStudioVersion = 10.0.40219.1
Project("{9A19103F-16F7-4668-BE54-9A1E7A4F7556}") = "Blog2", "Blog2.csproj", "{4262FA71-CAFD-4163-BA3C-0447C016AF8C}"
EndProject
Global
	GlobalSection(SolutionConfigurationPlatforms) = preSolution
		Debug|Any CPU = Debug|Any CPU
		Release|Any CPU = Release|Any CPU
	EndGlobalSection
	GlobalSection(ProjectConfigurationPlatforms) = postSolution
		{4262FA71-CAFD-4163-BA3C-0447C016AF8C}.Debug|Any CPU.ActiveCfg = Debug|Any CPU
		{4262FA71-CAFD-4163-BA3C-0447C016AF8C}.Debug|Any CPU.Build.0 = Debug|Any CPU
		{4262FA71-CAFD-4163-BA3C-0447C016AF8C}.Release|Any CPU.ActiveCfg = Release|Any CPU
		{4262FA71-CAFD-4163-BA3C-0447C016AF8C}.Release|Any CPU.Build.0 = Release|Any CPU
	EndGlobalSection
	GlobalSection(SolutionProperties) = preSolution
		HideSolutionNode = FALSE
	EndGlobalSection
	GlobalSection(ExtensibilityGlobals) = postSolution
		SolutionGuid = {FA457E83-D306-405D-AA2D-2475D33B519C}
	EndGlobalSection
EndGlobal
